{
  "requires": true,
  "lockfileVersion": 1,
  "dependencies": {
    "@firebase/webchannel-wrapper": {
      "version": "0.4.1",
      "resolved": "https://registry.npmjs.org/@firebase/webchannel-wrapper/-/webchannel-wrapper-0.4.1.tgz",
      "integrity": "sha512-0yPjzuzGMkW1GkrC8yWsiN7vt1OzkMIi9HgxRmKREZl2wnNPOKo/yScTjXf/O57HM8dltqxPF6jlNLFVtc2qdw=="
    }
  }
}
